// !$*UTF8*$!
{
	archiveVersion = 1;
	classes = {
	};
	objectVersion = 56;
	objects = {

/* Begin PBXBuildFile section */
		3CBD80B52B9F8EDF00004F5C /* AppDelegate.swift in Sources */ = {isa = PBXBuildFile; fileRef = 3CBD80B42B9F8EDF00004F5C /* AppDelegate.swift */; };
		3CBD80B72B9F8EDF00004F5C /* art.scnassets in Resources */ = {isa = PBXBuildFile; fileRef = 3CBD80B62B9F8EDF00004F5C /* art.scnassets */; };
		3CBD80B92B9F8EDF00004F5C /* ViewController.swift in Sources */ = {isa = PBXBuildFile; fileRef = 3CBD80B82B9F8EDF00004F5C /* ViewController.swift */; };
		3CBD80BC2B9F8EDF00004F5C /* Base in Resources */ = {isa = PBXBuildFile; fileRef = 3CBD80BB2B9F8EDF00004F5C /* Base */; };
		3CBD80BE2B9F8EE000004F5C /* Assets.xcassets in Resources */ = {isa = PBXBuildFile; fileRef = 3CBD80BD2B9F8EE000004F5C /* Assets.xcassets */; };
		3CBD80C82B9F8EE000004F5C /* SportsTechnologyTests.swift in Sources */ = {isa = PBXBuildFile; fileRef = 3CBD80C72B9F8EE000004F5C /* SportsTechnologyTests.swift */; };
		3CBD80D22B9F8EE000004F5C /* SportsTechnologyUITests.swift in Sources */ = {isa = PBXBuildFile; fileRef = 3CBD80D12B9F8EE000004F5C /* SportsTechnologyUITests.swift */; };
		3CBD80D42B9F8EE000004F5C /* SportsTechnologyUITestsLaunchTests.swift in Sources */ = {isa = PBXBuildFile; fileRef = 3CBD80D32B9F8EE000004F5C /* SportsTechnologyUITestsLaunchTests.swift */; };
		68A091B62BCDCECE00312764 /* services.swift in Sources */ = {isa = PBXBuildFile; fileRef = 68A091B52BCDCECE00312764 /* services.swift */; };
		D80EA84A2BD2E1AD001C92B0 /* Fixtures.swift in Sources */ = {isa = PBXBuildFile; fileRef = D80EA8492BD2E1AD001C92B0 /* Fixtures.swift */; };
		D80EA84F2BD2E69B001C92B0 /* Venues.swift in Sources */ = {isa = PBXBuildFile; fileRef = D80EA84E2BD2E69B001C92B0 /* Venues.swift */; };
		D80EA8512BD2E6A6001C92B0 /* Status.swift in Sources */ = {isa = PBXBuildFile; fileRef = D80EA8502BD2E6A6001C92B0 /* Status.swift */; };
		D80EA8532BD2E6C1001C92B0 /* Team.swift in Sources */ = {isa = PBXBuildFile; fileRef = D80EA8522BD2E6C1001C92B0 /* Team.swift */; };
		D80EA8552BD2E71C001C92B0 /* WinnerStatus.swift in Sources */ = {isa = PBXBuildFile; fileRef = D80EA8542BD2E71C001C92B0 /* WinnerStatus.swift */; };
		D80EA8572BD2EC26001C92B0 /* LeagueInfo.swift in Sources */ = {isa = PBXBuildFile; fileRef = D80EA8562BD2EC26001C92B0 /* LeagueInfo.swift */; };
		D80EA85A2BD30295001C92B0 /* FixtureViews.swift in Sources */ = {isa = PBXBuildFile; fileRef = D80EA8592BD30295001C92B0 /* FixtureViews.swift */; };
		D86DD0662BD347DD00C1E55B /* GamesInfo.swift in Sources */ = {isa = PBXBuildFile; fileRef = D86DD0652BD347DD00C1E55B /* GamesInfo.swift */; };
		D8C433A62BE419AA00C0E1A7 /* Lineups.swift in Sources */ = {isa = PBXBuildFile; fileRef = D8C433A52BE419AA00C0E1A7 /* Lineups.swift */; };
		D8CB7DBE2BE44ADB00885A38 /* Player.swift in Sources */ = {isa = PBXBuildFile; fileRef = D8CB7DBD2BE44ADB00885A38 /* Player.swift */; };
/* End PBXBuildFile section */

/* Begin PBXContainerItemProxy section */
		3CBD80C42B9F8EE000004F5C /* PBXContainerItemProxy */ = {
			isa = PBXContainerItemProxy;
			containerPortal = 3CBD80A92B9F8EDF00004F5C /* Project object */;
			proxyType = 1;
			remoteGlobalIDString = 3CBD80B02B9F8EDF00004F5C;
			remoteInfo = SportsTechnology;
		};
		3CBD80CE2B9F8EE000004F5C /* PBXContainerItemProxy */ = {
			isa = PBXContainerItemProxy;
			containerPortal = 3CBD80A92B9F8EDF00004F5C /* Project object */;
			proxyType = 1;
			remoteGlobalIDString = 3CBD80B02B9F8EDF00004F5C;
			remoteInfo = SportsTechnology;
		};
/* End PBXContainerItemProxy section */

/* Begin PBXFileReference section */
		3CBD80B12B9F8EDF00004F5C /* SportsTechnology.app */ = {isa = PBXFileReference; explicitFileType = wrapper.application; includeInIndex = 0; path = SportsTechnology.app; sourceTree = BUILT_PRODUCTS_DIR; };
		3CBD80B42B9F8EDF00004F5C /* AppDelegate.swift */ = {isa = PBXFileReference; lastKnownFileType = sourcecode.swift; path = AppDelegate.swift; sourceTree = "<group>"; };
		3CBD80B62B9F8EDF00004F5C /* art.scnassets */ = {isa = PBXFileReference; lastKnownFileType = wrapper.scnassets; path = art.scnassets; sourceTree = "<group>"; };
		3CBD80B82B9F8EDF00004F5C /* ViewController.swift */ = {isa = PBXFileReference; lastKnownFileType = sourcecode.swift; path = ViewController.swift; sourceTree = "<group>"; };
		3CBD80BB2B9F8EDF00004F5C /* Base */ = {isa = PBXFileReference; lastKnownFileType = file.storyboard; name = Base; path = Base.lproj/Main.storyboard; sourceTree = "<group>"; };
		3CBD80BD2B9F8EE000004F5C /* Assets.xcassets */ = {isa = PBXFileReference; lastKnownFileType = folder.assetcatalog; path = Assets.xcassets; sourceTree = "<group>"; };
		3CBD80C32B9F8EE000004F5C /* SportsTechnologyTests.xctest */ = {isa = PBXFileReference; explicitFileType = wrapper.cfbundle; includeInIndex = 0; path = SportsTechnologyTests.xctest; sourceTree = BUILT_PRODUCTS_DIR; };
		3CBD80C72B9F8EE000004F5C /* SportsTechnologyTests.swift */ = {isa = PBXFileReference; lastKnownFileType = sourcecode.swift; path = SportsTechnologyTests.swift; sourceTree = "<group>"; };
		3CBD80CD2B9F8EE000004F5C /* SportsTechnologyUITests.xctest */ = {isa = PBXFileReference; explicitFileType = wrapper.cfbundle; includeInIndex = 0; path = SportsTechnologyUITests.xctest; sourceTree = BUILT_PRODUCTS_DIR; };
		3CBD80D12B9F8EE000004F5C /* SportsTechnologyUITests.swift */ = {isa = PBXFileReference; lastKnownFileType = sourcecode.swift; path = SportsTechnologyUITests.swift; sourceTree = "<group>"; };
		3CBD80D32B9F8EE000004F5C /* SportsTechnologyUITestsLaunchTests.swift */ = {isa = PBXFileReference; lastKnownFileType = sourcecode.swift; path = SportsTechnologyUITestsLaunchTests.swift; sourceTree = "<group>"; };
		68A091B52BCDCECE00312764 /* services.swift */ = {isa = PBXFileReference; lastKnownFileType = sourcecode.swift; path = services.swift; sourceTree = "<group>"; };
		68C5FF412BE40DE900DCF904 /* Lineups.swift */ = {isa = PBXFileReference; lastKnownFileType = sourcecode.swift; path = Lineups.swift; sourceTree = "<group>"; };
		D80EA8492BD2E1AD001C92B0 /* Fixtures.swift */ = {isa = PBXFileReference; lastKnownFileType = sourcecode.swift; path = Fixtures.swift; sourceTree = "<group>"; };
		D80EA84E2BD2E69B001C92B0 /* Venues.swift */ = {isa = PBXFileReference; lastKnownFileType = sourcecode.swift; path = Venues.swift; sourceTree = "<group>"; };
		D80EA8502BD2E6A6001C92B0 /* Status.swift */ = {isa = PBXFileReference; lastKnownFileType = sourcecode.swift; path = Status.swift; sourceTree = "<group>"; };
		D80EA8522BD2E6C1001C92B0 /* Team.swift */ = {isa = PBXFileReference; lastKnownFileType = sourcecode.swift; path = Team.swift; sourceTree = "<group>"; };
		D80EA8542BD2E71C001C92B0 /* WinnerStatus.swift */ = {isa = PBXFileReference; lastKnownFileType = sourcecode.swift; path = WinnerStatus.swift; sourceTree = "<group>"; };
		D80EA8562BD2EC26001C92B0 /* LeagueInfo.swift */ = {isa = PBXFileReference; lastKnownFileType = sourcecode.swift; path = LeagueInfo.swift; sourceTree = "<group>"; };
		D80EA8592BD30295001C92B0 /* FixtureViews.swift */ = {isa = PBXFileReference; lastKnownFileType = sourcecode.swift; path = FixtureViews.swift; sourceTree = "<group>"; };
		D86DD0652BD347DD00C1E55B /* GamesInfo.swift */ = {isa = PBXFileReference; lastKnownFileType = sourcecode.swift; path = GamesInfo.swift; sourceTree = "<group>"; };
		D86DD0672BD5B65200C1E55B /* Info.plist */ = {isa = PBXFileReference; lastKnownFileType = text.plist; path = Info.plist; sourceTree = "<group>"; };
		D8C433A52BE419AA00C0E1A7 /* Lineups.swift */ = {isa = PBXFileReference; lastKnownFileType = sourcecode.swift; path = Lineups.swift; sourceTree = "<group>"; };
		D8CB7DBD2BE44ADB00885A38 /* Player.swift */ = {isa = PBXFileReference; lastKnownFileType = sourcecode.swift; path = Player.swift; sourceTree = "<group>"; };
/* End PBXFileReference section */

/* Begin PBXFrameworksBuildPhase section */
		3CBD80AE2B9F8EDF00004F5C /* Frameworks */ = {
			isa = PBXFrameworksBuildPhase;
			buildActionMask = 2147483647;
			files = (
			);
			runOnlyForDeploymentPostprocessing = 0;
		};
		3CBD80C02B9F8EE000004F5C /* Frameworks */ = {
			isa = PBXFrameworksBuildPhase;
			buildActionMask = 2147483647;
			files = (
			);
			runOnlyForDeploymentPostprocessing = 0;
		};
		3CBD80CA2B9F8EE000004F5C /* Frameworks */ = {
			isa = PBXFrameworksBuildPhase;
			buildActionMask = 2147483647;
			files = (
			);
			runOnlyForDeploymentPostprocessing = 0;
		};
/* End PBXFrameworksBuildPhase section */

/* Begin PBXGroup section */
		3CBD80A82B9F8EDF00004F5C = {
			isa = PBXGroup;
			children = (
				3CBD80B32B9F8EDF00004F5C /* SportsTechnology */,
				3CBD80C62B9F8EE000004F5C /* SportsTechnologyTests */,
				3CBD80D02B9F8EE000004F5C /* SportsTechnologyUITests */,
				3CBD80B22B9F8EDF00004F5C /* Products */,
			);
			sourceTree = "<group>";
		};
		3CBD80B22B9F8EDF00004F5C /* Products */ = {
			isa = PBXGroup;
			children = (
				3CBD80B12B9F8EDF00004F5C /* SportsTechnology.app */,
				3CBD80C32B9F8EE000004F5C /* SportsTechnologyTests.xctest */,
				3CBD80CD2B9F8EE000004F5C /* SportsTechnologyUITests.xctest */,
			);
			name = Products;
			sourceTree = "<group>";
		};
		3CBD80B32B9F8EDF00004F5C /* SportsTechnology */ = {
			isa = PBXGroup;
			children = (
				D86DD0672BD5B65200C1E55B /* Info.plist */,
				D80EA8582BD30273001C92B0 /* Views */,
				D80EA8452BD2E05A001C92B0 /* ClassDefinitions */,
				68A091B42BCDCEC100312764 /* Services */,
				3CBD80B42B9F8EDF00004F5C /* AppDelegate.swift */,
				3CBD80B62B9F8EDF00004F5C /* art.scnassets */,
				3CBD80BA2B9F8EDF00004F5C /* Main.storyboard */,
				3CBD80BD2B9F8EE000004F5C /* Assets.xcassets */,
			);
			path = SportsTechnology;
			sourceTree = "<group>";
		};
		3CBD80C62B9F8EE000004F5C /* SportsTechnologyTests */ = {
			isa = PBXGroup;
			children = (
				3CBD80C72B9F8EE000004F5C /* SportsTechnologyTests.swift */,
			);
			path = SportsTechnologyTests;
			sourceTree = "<group>";
		};
		3CBD80D02B9F8EE000004F5C /* SportsTechnologyUITests */ = {
			isa = PBXGroup;
			children = (
				3CBD80D12B9F8EE000004F5C /* SportsTechnologyUITests.swift */,
				3CBD80D32B9F8EE000004F5C /* SportsTechnologyUITestsLaunchTests.swift */,
			);
			path = SportsTechnologyUITests;
			sourceTree = "<group>";
		};
		68A091B42BCDCEC100312764 /* Services */ = {
			isa = PBXGroup;
			children = (
				68A091B52BCDCECE00312764 /* services.swift */,
			);
			path = Services;
			sourceTree = "<group>";
		};
		D80EA8452BD2E05A001C92B0 /* ClassDefinitions */ = {
			isa = PBXGroup;
			children = (
				D80EA8492BD2E1AD001C92B0 /* Fixtures.swift */,
				D80EA84E2BD2E69B001C92B0 /* Venues.swift */,
				D80EA8502BD2E6A6001C92B0 /* Status.swift */,
				D80EA8522BD2E6C1001C92B0 /* Team.swift */,
				D80EA8542BD2E71C001C92B0 /* WinnerStatus.swift */,
				D80EA8562BD2EC26001C92B0 /* LeagueInfo.swift */,
				D8C433A52BE419AA00C0E1A7 /* Lineups.swift */,
				D8CB7DBD2BE44ADB00885A38 /* Player.swift */,
			);
			path = ClassDefinitions;
			sourceTree = "<group>";
		};
		D80EA8582BD30273001C92B0 /* Views */ = {
			isa = PBXGroup;
			children = (
				3CBD80B82B9F8EDF00004F5C /* ViewController.swift */,
				D80EA8592BD30295001C92B0 /* FixtureViews.swift */,
				D86DD0652BD347DD00C1E55B /* GamesInfo.swift */,
				68C5FF412BE40DE900DCF904 /* Lineups.swift */,
			);
			path = Views;
			sourceTree = "<group>";
		};
/* End PBXGroup section */

/* Begin PBXNativeTarget section */
		3CBD80B02B9F8EDF00004F5C /* SportsTechnology */ = {
			isa = PBXNativeTarget;
			buildConfigurationList = 3CBD80D72B9F8EE000004F5C /* Build configuration list for PBXNativeTarget "SportsTechnology" */;
			buildPhases = (
				3CBD80AD2B9F8EDF00004F5C /* Sources */,
				3CBD80AE2B9F8EDF00004F5C /* Frameworks */,
				3CBD80AF2B9F8EDF00004F5C /* Resources */,
			);
			buildRules = (
			);
			dependencies = (
			);
			name = SportsTechnology;
			productName = SportsTechnology;
			productReference = 3CBD80B12B9F8EDF00004F5C /* SportsTechnology.app */;
			productType = "com.apple.product-type.application";
		};
		3CBD80C22B9F8EE000004F5C /* SportsTechnologyTests */ = {
			isa = PBXNativeTarget;
			buildConfigurationList = 3CBD80DA2B9F8EE000004F5C /* Build configuration list for PBXNativeTarget "SportsTechnologyTests" */;
			buildPhases = (
				3CBD80BF2B9F8EE000004F5C /* Sources */,
				3CBD80C02B9F8EE000004F5C /* Frameworks */,
				3CBD80C12B9F8EE000004F5C /* Resources */,
			);
			buildRules = (
			);
			dependencies = (
				3CBD80C52B9F8EE000004F5C /* PBXTargetDependency */,
			);
			name = SportsTechnologyTests;
			productName = SportsTechnologyTests;
			productReference = 3CBD80C32B9F8EE000004F5C /* SportsTechnologyTests.xctest */;
			productType = "com.apple.product-type.bundle.unit-test";
		};
		3CBD80CC2B9F8EE000004F5C /* SportsTechnologyUITests */ = {
			isa = PBXNativeTarget;
			buildConfigurationList = 3CBD80DD2B9F8EE000004F5C /* Build configuration list for PBXNativeTarget "SportsTechnologyUITests" */;
			buildPhases = (
				3CBD80C92B9F8EE000004F5C /* Sources */,
				3CBD80CA2B9F8EE000004F5C /* Frameworks */,
				3CBD80CB2B9F8EE000004F5C /* Resources */,
			);
			buildRules = (
			);
			dependencies = (
				3CBD80CF2B9F8EE000004F5C /* PBXTargetDependency */,
			);
			name = SportsTechnologyUITests;
			productName = SportsTechnologyUITests;
			productReference = 3CBD80CD2B9F8EE000004F5C /* SportsTechnologyUITests.xctest */;
			productType = "com.apple.product-type.bundle.ui-testing";
		};
/* End PBXNativeTarget section */

/* Begin PBXProject section */
		3CBD80A92B9F8EDF00004F5C /* Project object */ = {
			isa = PBXProject;
			attributes = {
				BuildIndependentTargetsInParallel = 1;
				LastSwiftUpdateCheck = 1530;
				LastUpgradeCheck = 1530;
				TargetAttributes = {
					3CBD80B02B9F8EDF00004F5C = {
						CreatedOnToolsVersion = 15.3;
					};
					3CBD80C22B9F8EE000004F5C = {
						CreatedOnToolsVersion = 15.3;
						TestTargetID = 3CBD80B02B9F8EDF00004F5C;
					};
					3CBD80CC2B9F8EE000004F5C = {
						CreatedOnToolsVersion = 15.3;
						TestTargetID = 3CBD80B02B9F8EDF00004F5C;
					};
				};
			};
			buildConfigurationList = 3CBD80AC2B9F8EDF00004F5C /* Build configuration list for PBXProject "SportsTechnology" */;
			compatibilityVersion = "Xcode 14.0";
			developmentRegion = en;
			hasScannedForEncodings = 0;
			knownRegions = (
				en,
				Base,
			);
			mainGroup = 3CBD80A82B9F8EDF00004F5C;
			productRefGroup = 3CBD80B22B9F8EDF00004F5C /* Products */;
			projectDirPath = "";
			projectRoot = "";
			targets = (
				3CBD80B02B9F8EDF00004F5C /* SportsTechnology */,
				3CBD80C22B9F8EE000004F5C /* SportsTechnologyTests */,
				3CBD80CC2B9F8EE000004F5C /* SportsTechnologyUITests */,
			);
		};
/* End PBXProject section */

/* Begin PBXResourcesBuildPhase section */
		3CBD80AF2B9F8EDF00004F5C /* Resources */ = {
			isa = PBXResourcesBuildPhase;
			buildActionMask = 2147483647;
			files = (
				3CBD80B72B9F8EDF00004F5C /* art.scnassets in Resources */,
				3CBD80BE2B9F8EE000004F5C /* Assets.xcassets in Resources */,
				3CBD80BC2B9F8EDF00004F5C /* Base in Resources */,
			);
			runOnlyForDeploymentPostprocessing = 0;
		};
		3CBD80C12B9F8EE000004F5C /* Resources */ = {
			isa = PBXResourcesBuildPhase;
			buildActionMask = 2147483647;
			files = (
			);
			runOnlyForDeploymentPostprocessing = 0;
		};
		3CBD80CB2B9F8EE000004F5C /* Resources */ = {
			isa = PBXResourcesBuildPhase;
			buildActionMask = 2147483647;
			files = (
			);
			runOnlyForDeploymentPostprocessing = 0;
		};
/* End PBXResourcesBuildPhase section */

/* Begin PBXSourcesBuildPhase section */
		3CBD80AD2B9F8EDF00004F5C /* Sources */ = {
			isa = PBXSourcesBuildPhase;
			buildActionMask = 2147483647;
			files = (
				D86DD0662BD347DD00C1E55B /* GamesInfo.swift in Sources */,
				D80EA85A2BD30295001C92B0 /* FixtureViews.swift in Sources */,
				68A091B62BCDCECE00312764 /* services.swift in Sources */,
				3CBD80B92B9F8EDF00004F5C /* ViewController.swift in Sources */,
				D8C433A62BE419AA00C0E1A7 /* Lineups.swift in Sources */,
				D8CB7DBE2BE44ADB00885A38 /* Player.swift in Sources */,
				D80EA8532BD2E6C1001C92B0 /* Team.swift in Sources */,
				3CBD80B52B9F8EDF00004F5C /* AppDelegate.swift in Sources */,
				D80EA8552BD2E71C001C92B0 /* WinnerStatus.swift in Sources */,
				D80EA84F2BD2E69B001C92B0 /* Venues.swift in Sources */,
				D80EA8572BD2EC26001C92B0 /* LeagueInfo.swift in Sources */,
				D80EA84A2BD2E1AD001C92B0 /* Fixtures.swift in Sources */,
				D80EA8512BD2E6A6001C92B0 /* Status.swift in Sources */,
			);
			runOnlyForDeploymentPostprocessing = 0;
		};
		3CBD80BF2B9F8EE000004F5C /* Sources */ = {
			isa = PBXSourcesBuildPhase;
			buildActionMask = 2147483647;
			files = (
				3CBD80C82B9F8EE000004F5C /* SportsTechnologyTests.swift in Sources */,
			);
			runOnlyForDeploymentPostprocessing = 0;
		};
		3CBD80C92B9F8EE000004F5C /* Sources */ = {
			isa = PBXSourcesBuildPhase;
			buildActionMask = 2147483647;
			files = (
				3CBD80D22B9F8EE000004F5C /* SportsTechnologyUITests.swift in Sources */,
				3CBD80D42B9F8EE000004F5C /* SportsTechnologyUITestsLaunchTests.swift in Sources */,
			);
			runOnlyForDeploymentPostprocessing = 0;
		};
/* End PBXSourcesBuildPhase section */

/* Begin PBXTargetDependency section */
		3CBD80C52B9F8EE000004F5C /* PBXTargetDependency */ = {
			isa = PBXTargetDependency;
			target = 3CBD80B02B9F8EDF00004F5C /* SportsTechnology */;
			targetProxy = 3CBD80C42B9F8EE000004F5C /* PBXContainerItemProxy */;
		};
		3CBD80CF2B9F8EE000004F5C /* PBXTargetDependency */ = {
			isa = PBXTargetDependency;
			target = 3CBD80B02B9F8EDF00004F5C /* SportsTechnology */;
			targetProxy = 3CBD80CE2B9F8EE000004F5C /* PBXContainerItemProxy */;
		};
/* End PBXTargetDependency section */

/* Begin PBXVariantGroup section */
		3CBD80BA2B9F8EDF00004F5C /* Main.storyboard */ = {
			isa = PBXVariantGroup;
			children = (
				3CBD80BB2B9F8EDF00004F5C /* Base */,
			);
			name = Main.storyboard;
			sourceTree = "<group>";
		};
/* End PBXVariantGroup section */

/* Begin XCBuildConfiguration section */
		3CBD80D52B9F8EE000004F5C /* Debug */ = {
			isa = XCBuildConfiguration;
			buildSettings = {
				ALWAYS_SEARCH_USER_PATHS = NO;
				ASSETCATALOG_COMPILER_GENERATE_SWIFT_ASSET_SYMBOL_EXTENSIONS = YES;
				CLANG_ANALYZER_NONNULL = YES;
				CLANG_ANALYZER_NUMBER_OBJECT_CONVERSION = YES_AGGRESSIVE;
				CLANG_CXX_LANGUAGE_STANDARD = "gnu++20";
				CLANG_ENABLE_MODULES = YES;
				CLANG_ENABLE_OBJC_ARC = YES;
				CLANG_ENABLE_OBJC_WEAK = YES;
				CLANG_WARN_BLOCK_CAPTURE_AUTORELEASING = YES;
				CLANG_WARN_BOOL_CONVERSION = YES;
				CLANG_WARN_COMMA = YES;
				CLANG_WARN_CONSTANT_CONVERSION = YES;
				CLANG_WARN_DEPRECATED_OBJC_IMPLEMENTATIONS = YES;
				CLANG_WARN_DIRECT_OBJC_ISA_USAGE = YES_ERROR;
				CLANG_WARN_DOCUMENTATION_COMMENTS = YES;
				CLANG_WARN_EMPTY_BODY = YES;
				CLANG_WARN_ENUM_CONVERSION = YES;
				CLANG_WARN_INFINITE_RECURSION = YES;
				CLANG_WARN_INT_CONVERSION = YES;
				CLANG_WARN_NON_LITERAL_NULL_CONVERSION = YES;
				CLANG_WARN_OBJC_IMPLICIT_RETAIN_SELF = YES;
				CLANG_WARN_OBJC_LITERAL_CONVERSION = YES;
				CLANG_WARN_OBJC_ROOT_CLASS = YES_ERROR;
				CLANG_WARN_QUOTED_INCLUDE_IN_FRAMEWORK_HEADER = YES;
				CLANG_WARN_RANGE_LOOP_ANALYSIS = YES;
				CLANG_WARN_STRICT_PROTOTYPES = YES;
				CLANG_WARN_SUSPICIOUS_MOVE = YES;
				CLANG_WARN_UNGUARDED_AVAILABILITY = YES_AGGRESSIVE;
				CLANG_WARN_UNREACHABLE_CODE = YES;
				CLANG_WARN__DUPLICATE_METHOD_MATCH = YES;
				COPY_PHASE_STRIP = NO;
				DEBUG_INFORMATION_FORMAT = dwarf;
				ENABLE_STRICT_OBJC_MSGSEND = YES;
				ENABLE_TESTABILITY = YES;
				ENABLE_USER_SCRIPT_SANDBOXING = YES;
				GCC_C_LANGUAGE_STANDARD = gnu17;
				GCC_DYNAMIC_NO_PIC = NO;
				GCC_NO_COMMON_BLOCKS = YES;
				GCC_OPTIMIZATION_LEVEL = 0;
				GCC_PREPROCESSOR_DEFINITIONS = (
					"DEBUG=1",
					"$(inherited)",
				);
				GCC_WARN_64_TO_32_BIT_CONVERSION = YES;
				GCC_WARN_ABOUT_RETURN_TYPE = YES_ERROR;
				GCC_WARN_UNDECLARED_SELECTOR = YES;
				GCC_WARN_UNINITIALIZED_AUTOS = YES_AGGRESSIVE;
				GCC_WARN_UNUSED_FUNCTION = YES;
				GCC_WARN_UNUSED_VARIABLE = YES;
				IPHONEOS_DEPLOYMENT_TARGET = 17.4;
				LOCALIZATION_PREFERS_STRING_CATALOGS = YES;
				MTL_ENABLE_DEBUG_INFO = INCLUDE_SOURCE;
				MTL_FAST_MATH = YES;
				ONLY_ACTIVE_ARCH = YES;
				SDKROOT = iphoneos;
				SWIFT_ACTIVE_COMPILATION_CONDITIONS = "DEBUG $(inherited)";
				SWIFT_OPTIMIZATION_LEVEL = "-Onone";
			};
			name = Debug;
		};
		3CBD80D62B9F8EE000004F5C /* Release */ = {
			isa = XCBuildConfiguration;
			buildSettings = {
				ALWAYS_SEARCH_USER_PATHS = NO;
				ASSETCATALOG_COMPILER_GENERATE_SWIFT_ASSET_SYMBOL_EXTENSIONS = YES;
				CLANG_ANALYZER_NONNULL = YES;
				CLANG_ANALYZER_NUMBER_OBJECT_CONVERSION = YES_AGGRESSIVE;
				CLANG_CXX_LANGUAGE_STANDARD = "gnu++20";
				CLANG_ENABLE_MODULES = YES;
				CLANG_ENABLE_OBJC_ARC = YES;
				CLANG_ENABLE_OBJC_WEAK = YES;
				CLANG_WARN_BLOCK_CAPTURE_AUTORELEASING = YES;
				CLANG_WARN_BOOL_CONVERSION = YES;
				CLANG_WARN_COMMA = YES;
				CLANG_WARN_CONSTANT_CONVERSION = YES;
				CLANG_WARN_DEPRECATED_OBJC_IMPLEMENTATIONS = YES;
				CLANG_WARN_DIRECT_OBJC_ISA_USAGE = YES_ERROR;
				CLANG_WARN_DOCUMENTATION_COMMENTS = YES;
				CLANG_WARN_EMPTY_BODY = YES;
				CLANG_WARN_ENUM_CONVERSION = YES;
				CLANG_WARN_INFINITE_RECURSION = YES;
				CLANG_WARN_INT_CONVERSION = YES;
				CLANG_WARN_NON_LITERAL_NULL_CONVERSION = YES;
				CLANG_WARN_OBJC_IMPLICIT_RETAIN_SELF = YES;
				CLANG_WARN_OBJC_LITERAL_CONVERSION = YES;
				CLANG_WARN_OBJC_ROOT_CLASS = YES_ERROR;
				CLANG_WARN_QUOTED_INCLUDE_IN_FRAMEWORK_HEADER = YES;
				CLANG_WARN_RANGE_LOOP_ANALYSIS = YES;
				CLANG_WARN_STRICT_PROTOTYPES = YES;
				CLANG_WARN_SUSPICIOUS_MOVE = YES;
				CLANG_WARN_UNGUARDED_AVAILABILITY = YES_AGGRESSIVE;
				CLANG_WARN_UNREACHABLE_CODE = YES;
				CLANG_WARN__DUPLICATE_METHOD_MATCH = YES;
				COPY_PHASE_STRIP = NO;
				DEBUG_INFORMATION_FORMAT = "dwarf-with-dsym";
				ENABLE_NS_ASSERTIONS = NO;
				ENABLE_STRICT_OBJC_MSGSEND = YES;
				ENABLE_USER_SCRIPT_SANDBOXING = YES;
				GCC_C_LANGUAGE_STANDARD = gnu17;
				GCC_NO_COMMON_BLOCKS = YES;
				GCC_WARN_64_TO_32_BIT_CONVERSION = YES;
				GCC_WARN_ABOUT_RETURN_TYPE = YES_ERROR;
				GCC_WARN_UNDECLARED_SELECTOR = YES;
				GCC_WARN_UNINITIALIZED_AUTOS = YES_AGGRESSIVE;
				GCC_WARN_UNUSED_FUNCTION = YES;
				GCC_WARN_UNUSED_VARIABLE = YES;
				IPHONEOS_DEPLOYMENT_TARGET = 17.4;
				LOCALIZATION_PREFERS_STRING_CATALOGS = YES;
				MTL_ENABLE_DEBUG_INFO = NO;
				MTL_FAST_MATH = YES;
				SDKROOT = iphoneos;
				SWIFT_COMPILATION_MODE = wholemodule;
				VALIDATE_PRODUCT = YES;
			};
			name = Release;
		};
		3CBD80D82B9F8EE000004F5C /* Debug */ = {
			isa = XCBuildConfiguration;
			buildSettings = {
				ASSETCATALOG_COMPILER_APPICON_NAME = AppIcon;
				ASSETCATALOG_COMPILER_GLOBAL_ACCENT_COLOR_NAME = AccentColor;
				CODE_SIGN_STYLE = Automatic;
				CURRENT_PROJECT_VERSION = 1;
				DEVELOPMENT_TEAM = 25N7GFB35A;
				GENERATE_INFOPLIST_FILE = YES;
				INFOPLIST_FILE = SportsTechnology/Info.plist;
				INFOPLIST_KEY_NSCameraUsageDescription = "";
				INFOPLIST_KEY_UIApplicationSupportsIndirectInputEvents = YES;
				INFOPLIST_KEY_UIMainStoryboardFile = Main;
				INFOPLIST_KEY_UIRequiredDeviceCapabilities = arkit;
				INFOPLIST_KEY_UIStatusBarHidden = YES;
				INFOPLIST_KEY_UISupportedInterfaceOrientations_iPad = "UIInterfaceOrientationPortrait UIInterfaceOrientationPortraitUpsideDown UIInterfaceOrientationLandscapeLeft UIInterfaceOrientationLandscapeRight";
				INFOPLIST_KEY_UISupportedInterfaceOrientations_iPhone = "UIInterfaceOrientationPortrait UIInterfaceOrientationLandscapeLeft UIInterfaceOrientationLandscapeRight";
				IPHONEOS_DEPLOYMENT_TARGET = 17.3;
				LD_RUNPATH_SEARCH_PATHS = (
					"$(inherited)",
					"@executable_path/Frameworks",
				);
				MARKETING_VERSION = 1.0;
				PRODUCT_BUNDLE_IDENTIFIER = cmu.SportsTechnology;
				PRODUCT_NAME = "$(TARGET_NAME)";
				SWIFT_EMIT_LOC_STRINGS = YES;
				SWIFT_VERSION = 5.0;
				TARGETED_DEVICE_FAMILY = "1,2";
			};
			name = Debug;
		};
		3CBD80D92B9F8EE000004F5C /* Release */ = {
			isa = XCBuildConfiguration;
			buildSettings = {
				ASSETCATALOG_COMPILER_APPICON_NAME = AppIcon;
				ASSETCATALOG_COMPILER_GLOBAL_ACCENT_COLOR_NAME = AccentColor;
				CODE_SIGN_STYLE = Automatic;
				CURRENT_PROJECT_VERSION = 1;
				DEVELOPMENT_TEAM = 25N7GFB35A;
				GENERATE_INFOPLIST_FILE = YES;
				INFOPLIST_FILE = SportsTechnology/Info.plist;
				INFOPLIST_KEY_NSCameraUsageDescription = "";
				INFOPLIST_KEY_UIApplicationSupportsIndirectInputEvents = YES;
				INFOPLIST_KEY_UIMainStoryboardFile = Main;
				INFOPLIST_KEY_UIRequiredDeviceCapabilities = arkit;
				INFOPLIST_KEY_UIStatusBarHidden = YES;
				INFOPLIST_KEY_UISupportedInterfaceOrientations_iPad = "UIInterfaceOrientationPortrait UIInterfaceOrientationPortraitUpsideDown UIInterfaceOrientationLandscapeLeft UIInterfaceOrientationLandscapeRight";
				INFOPLIST_KEY_UISupportedInterfaceOrientations_iPhone = "UIInterfaceOrientationPortrait UIInterfaceOrientationLandscapeLeft UIInterfaceOrientationLandscapeRight";
				IPHONEOS_DEPLOYMENT_TARGET = 17.3;
				LD_RUNPATH_SEARCH_PATHS = (
					"$(inherited)",
					"@executable_path/Frameworks",
				);
				MARKETING_VERSION = 1.0;
				PRODUCT_BUNDLE_IDENTIFIER = cmu.SportsTechnology;
				PRODUCT_NAME = "$(TARGET_NAME)";
				SWIFT_EMIT_LOC_STRINGS = YES;
				SWIFT_VERSION = 5.0;
				TARGETED_DEVICE_FAMILY = "1,2";
			};
			name = Release;
		};
		3CBD80DB2B9F8EE000004F5C /* Debug */ = {
			isa = XCBuildConfiguration;
			buildSettings = {
				ALWAYS_EMBED_SWIFT_STANDARD_LIBRARIES = YES;
				BUNDLE_LOADER = "$(TEST_HOST)";
				CODE_SIGN_STYLE = Automatic;
				CURRENT_PROJECT_VERSION = 1;
				GENERATE_INFOPLIST_FILE = YES;
				IPHONEOS_DEPLOYMENT_TARGET = 17.4;
				MARKETING_VERSION = 1.0;
				PRODUCT_BUNDLE_IDENTIFIER = cmu.SportsTechnologyTests;
				PRODUCT_NAME = "$(TARGET_NAME)";
				SWIFT_EMIT_LOC_STRINGS = NO;
				SWIFT_VERSION = 5.0;
				TARGETED_DEVICE_FAMILY = "1,2";
				TEST_HOST = "$(BUILT_PRODUCTS_DIR)/SportsTechnology.app/$(BUNDLE_EXECUTABLE_FOLDER_PATH)/SportsTechnology";
			};
			name = Debug;
		};
		3CBD80DC2B9F8EE000004F5C /* Release */ = {
			isa = XCBuildConfiguration;
			buildSettings = {
				ALWAYS_EMBED_SWIFT_STANDARD_LIBRARIES = YES;
				BUNDLE_LOADER = "$(TEST_HOST)";
				CODE_SIGN_STYLE = Automatic;
				CURRENT_PROJECT_VERSION = 1;
				GENERATE_INFOPLIST_FILE = YES;
				IPHONEOS_DEPLOYMENT_TARGET = 17.4;
				MARKETING_VERSION = 1.0;
				PRODUCT_BUNDLE_IDENTIFIER = cmu.SportsTechnologyTests;
				PRODUCT_NAME = "$(TARGET_NAME)";
				SWIFT_EMIT_LOC_STRINGS = NO;
				SWIFT_VERSION = 5.0;
				TARGETED_DEVICE_FAMILY = "1,2";
				TEST_HOST = "$(BUILT_PRODUCTS_DIR)/SportsTechnology.app/$(BUNDLE_EXECUTABLE_FOLDER_PATH)/SportsTechnology";
			};
			name = Release;
		};
		3CBD80DE2B9F8EE000004F5C /* Debug */ = {
			isa = XCBuildConfiguration;
			buildSettings = {
				ALWAYS_EMBED_SWIFT_STANDARD_LIBRARIES = YES;
				CODE_SIGN_STYLE = Automatic;
				CURRENT_PROJECT_VERSION = 1;
				GENERATE_INFOPLIST_FILE = YES;
				MARKETING_VERSION = 1.0;
				PRODUCT_BUNDLE_IDENTIFIER = cmu.SportsTechnologyUITests;
				PRODUCT_NAME = "$(TARGET_NAME)";
				SWIFT_EMIT_LOC_STRINGS = NO;
				SWIFT_VERSION = 5.0;
				TARGETED_DEVICE_FAMILY = "1,2";
				TEST_TARGET_NAME = SportsTechnology;
			};
			name = Debug;
		};
		3CBD80DF2B9F8EE000004F5C /* Release */ = {
			isa = XCBuildConfiguration;
			buildSettings = {
				ALWAYS_EMBED_SWIFT_STANDARD_LIBRARIES = YES;
				CODE_SIGN_STYLE = Automatic;
				CURRENT_PROJECT_VERSION = 1;
				GENERATE_INFOPLIST_FILE = YES;
				MARKETING_VERSION = 1.0;
				PRODUCT_BUNDLE_IDENTIFIER = cmu.SportsTechnologyUITests;
				PRODUCT_NAME = "$(TARGET_NAME)";
				SWIFT_EMIT_LOC_STRINGS = NO;
				SWIFT_VERSION = 5.0;
				TARGETED_DEVICE_FAMILY = "1,2";
				TEST_TARGET_NAME = SportsTechnology;
			};
			name = Release;
		};
/* End XCBuildConfiguration section */

/* Begin XCConfigurationList section */
		3CBD80AC2B9F8EDF00004F5C /* Build configuration list for PBXProject "SportsTechnology" */ = {
			isa = XCConfigurationList;
			buildConfigurations = (
				3CBD80D52B9F8EE000004F5C /* Debug */,
				3CBD80D62B9F8EE000004F5C /* Release */,
			);
			defaultConfigurationIsVisible = 0;
			defaultConfigurationName = Release;
		};
		3CBD80D72B9F8EE000004F5C /* Build configuration list for PBXNativeTarget "SportsTechnology" */ = {
			isa = XCConfigurationList;
			buildConfigurations = (
				3CBD80D82B9F8EE000004F5C /* Debug */,
				3CBD80D92B9F8EE000004F5C /* Release */,
			);
			defaultConfigurationIsVisible = 0;
			defaultConfigurationName = Release;
		};
		3CBD80DA2B9F8EE000004F5C /* Build configuration list for PBXNativeTarget "SportsTechnologyTests" */ = {
			isa = XCConfigurationList;
			buildConfigurations = (
				3CBD80DB2B9F8EE000004F5C /* Debug */,
				3CBD80DC2B9F8EE000004F5C /* Release */,
			);
			defaultConfigurationIsVisible = 0;
			defaultConfigurationName = Release;
		};
		3CBD80DD2B9F8EE000004F5C /* Build configuration list for PBXNativeTarget "SportsTechnologyUITests" */ = {
			isa = XCConfigurationList;
			buildConfigurations = (
				3CBD80DE2B9F8EE000004F5C /* Debug */,
				3CBD80DF2B9F8EE000004F5C /* Release */,
			);
			defaultConfigurationIsVisible = 0;
			defaultConfigurationName = Release;
		};
/* End XCConfigurationList section */
	};
	rootObject = 3CBD80A92B9F8EDF00004F5C /* Project object */;
}
